
Microsoft Visual Studio Solution File, Format Version 12.00
# Visual Studio Version 17
VisualStudioVersion = 17.4.33213.308
MinimumVisualStudioVersion = 10.0.40219.1
Project("{535C04D7-A2A5-47C7-83E0-B340A995CD1F}") = "Flexen en Relaxen", "Flexen en Relaxen\Flexen en Relaxen.cblproj", "{3BCBD8BB-C048-4604-8D2B-7F43D7E67EBC}"
EndProject
Project("{535C04D7-A2A5-47C7-83E0-B340A995CD1F}") = "Huur een vakantieavontuur", "Huur een vakantieavontuur\Huur een vakantieavontuur.cblproj", "{3610CD5B-3AAF-44AF-999E-CD9B19240C98}"
EndProject
Global
	GlobalSection(SolutionConfigurationPlatforms) = preSolution
		Debug|Any CPU = Debug|Any CPU
		Release|Any CPU = Release|Any CPU
	EndGlobalSection
	GlobalSection(ProjectConfigurationPlatforms) = postSolution
		{3BCBD8BB-C048-4604-8D2B-7F43D7E67EBC}.Debug|Any CPU.ActiveCfg = Debug|Any CPU
		{3BCBD8BB-C048-4604-8D2B-7F43D7E67EBC}.Debug|Any CPU.Build.0 = Debug|Any CPU
		{3BCBD8BB-C048-4604-8D2B-7F43D7E67EBC}.Release|Any CPU.ActiveCfg = Release|Any CPU
		{3BCBD8BB-C048-4604-8D2B-7F43D7E67EBC}.Release|Any CPU.Build.0 = Release|Any CPU
		{3610CD5B-3AAF-44AF-999E-CD9B19240C98}.Debug|Any CPU.ActiveCfg = Debug|Any CPU
		{3610CD5B-3AAF-44AF-999E-CD9B19240C98}.Debug|Any CPU.Build.0 = Debug|Any CPU
		{3610CD5B-3AAF-44AF-999E-CD9B19240C98}.Release|Any CPU.ActiveCfg = Release|Any CPU
		{3610CD5B-3AAF-44AF-999E-CD9B19240C98}.Release|Any CPU.Build.0 = Release|Any CPU
	EndGlobalSection
	GlobalSection(SolutionProperties) = preSolution
		HideSolutionNode = FALSE
	EndGlobalSection
	GlobalSection(ExtensibilityGlobals) = postSolution
		SolutionGuid = {68D51629-D0C2-4E26-A125-71C26502A3C1}
	EndGlobalSection
EndGlobal
